// !$*UTF8*$!
{
	archiveVersion = 1;
	classes = {
	};
	objectVersion = 46;
	objects = {

/* Begin PBXBuildFile section */
		667887B81BEE2B8B00116254 /* AppDelegate.swift in Sources */ = {isa = PBXBuildFile; fileRef = 667887B71BEE2B8B00116254 /* AppDelegate.swift */; };
		667887BA1BEE2B8B00116254 /* ViewController.swift in Sources */ = {isa = PBXBuildFile; fileRef = 667887B91BEE2B8B00116254 /* ViewController.swift */; };
		667887BD1BEE2B8B00116254 /* Main.storyboard in Resources */ = {isa = PBXBuildFile; fileRef = 667887BB1BEE2B8B00116254 /* Main.storyboard */; };
		667887BF1BEE2B8B00116254 /* Images.xcassets in Resources */ = {isa = PBXBuildFile; fileRef = 667887BE1BEE2B8B00116254 /* Images.xcassets */; };
		667887C21BEE2B8B00116254 /* LaunchScreen.xib in Resources */ = {isa = PBXBuildFile; fileRef = 667887C01BEE2B8B00116254 /* LaunchScreen.xib */; };
		667887CE1BEE2B8B00116254 /* _Kas_mSwiftCourseTests.swift in Sources */ = {isa = PBXBuildFile; fileRef = 667887CD1BEE2B8B00116254 /* _Kas_mSwiftCourseTests.swift */; };
/* End PBXBuildFile section */

/* Begin PBXContainerItemProxy section */
		667887C81BEE2B8B00116254 /* PBXContainerItemProxy */ = {
			isa = PBXContainerItemProxy;
			containerPortal = 667887AA1BEE2B8B00116254 /* Project object */;
			proxyType = 1;
			remoteGlobalIDString = 667887B11BEE2B8B00116254;
			remoteInfo = "7KasımSwiftCourse";
		};
/* End PBXContainerItemProxy section */

/* Begin PBXFileReference section */
		667887B21BEE2B8B00116254 /* 7KasımSwiftCourse.app */ = {isa = PBXFileReference; explicitFileType = wrapper.application; includeInIndex = 0; path = "7KasımSwiftCourse.app"; sourceTree = BUILT_PRODUCTS_DIR; };
		667887B61BEE2B8B00116254 /* Info.plist */ = {isa = PBXFileReference; lastKnownFileType = text.plist.xml; path = Info.plist; sourceTree = "<group>"; };
		667887B71BEE2B8B00116254 /* AppDelegate.swift */ = {isa = PBXFileReference; lastKnownFileType = sourcecode.swift; path = AppDelegate.swift; sourceTree = "<group>"; };
		667887B91BEE2B8B00116254 /* ViewController.swift */ = {isa = PBXFileReference; lastKnownFileType = sourcecode.swift; path = ViewController.swift; sourceTree = "<group>"; };
		667887BC1BEE2B8B00116254 /* Base */ = {isa = PBXFileReference; lastKnownFileType = file.storyboard; name = Base; path = Base.lproj/Main.storyboard; sourceTree = "<group>"; };
		667887BE1BEE2B8B00116254 /* Images.xcassets */ = {isa = PBXFileReference; lastKnownFileType = folder.assetcatalog; path = Images.xcassets; sourceTree = "<group>"; };
		667887C11BEE2B8B00116254 /* Base */ = {isa = PBXFileReference; lastKnownFileType = file.xib; name = Base; path = Base.lproj/LaunchScreen.xib; sourceTree = "<group>"; };
		667887C71BEE2B8B00116254 /* 7KasımSwiftCourseTests.xctest */ = {isa = PBXFileReference; explicitFileType = wrapper.cfbundle; includeInIndex = 0; path = "7KasımSwiftCourseTests.xctest"; sourceTree = BUILT_PRODUCTS_DIR; };
		667887CC1BEE2B8B00116254 /* Info.plist */ = {isa = PBXFileReference; lastKnownFileType = text.plist.xml; path = Info.plist; sourceTree = "<group>"; };
		667887CD1BEE2B8B00116254 /* _Kas_mSwiftCourseTests.swift */ = {isa = PBXFileReference; lastKnownFileType = sourcecode.swift; path = _Kas_mSwiftCourseTests.swift; sourceTree = "<group>"; };
/* End PBXFileReference section */

/* Begin PBXFrameworksBuildPhase section */
		667887AF1BEE2B8B00116254 /* Frameworks */ = {
			isa = PBXFrameworksBuildPhase;
			buildActionMask = 2147483647;
			files = (
			);
			runOnlyForDeploymentPostprocessing = 0;
		};
		667887C41BEE2B8B00116254 /* Frameworks */ = {
			isa = PBXFrameworksBuildPhase;
			buildActionMask = 2147483647;
			files = (
			);
			runOnlyForDeploymentPostprocessing = 0;
		};
/* End PBXFrameworksBuildPhase section */

/* Begin PBXGroup section */
		667887A91BEE2B8B00116254 = {
			isa = PBXGroup;
			children = (
				667887B41BEE2B8B00116254 /* 7KasımSwiftCourse */,
				667887CA1BEE2B8B00116254 /* 7KasımSwiftCourseTests */,
				667887B31BEE2B8B00116254 /* Products */,
			);
			sourceTree = "<group>";
		};
		667887B31BEE2B8B00116254 /* Products */ = {
			isa = PBXGroup;
			children = (
				667887B21BEE2B8B00116254 /* 7KasımSwiftCourse.app */,
				667887C71BEE2B8B00116254 /* 7KasımSwiftCourseTests.xctest */,
			);
			name = Products;
			sourceTree = "<group>";
		};
		667887B41BEE2B8B00116254 /* 7KasımSwiftCourse */ = {
			isa = PBXGroup;
			children = (
				667887B71BEE2B8B00116254 /* AppDelegate.swift */,
				667887B91BEE2B8B00116254 /* ViewController.swift */,
				667887BB1BEE2B8B00116254 /* Main.storyboard */,
				667887BE1BEE2B8B00116254 /* Images.xcassets */,
				667887C01BEE2B8B00116254 /* LaunchScreen.xib */,
				667887B51BEE2B8B00116254 /* Supporting Files */,
			);
			path = "7KasımSwiftCourse";
			sourceTree = "<group>";
		};
		667887B51BEE2B8B00116254 /* Supporting Files */ = {
			isa = PBXGroup;
			children = (
				667887B61BEE2B8B00116254 /* Info.plist */,
			);
			name = "Supporting Files";
			sourceTree = "<group>";
		};
		667887CA1BEE2B8B00116254 /* 7KasımSwiftCourseTests */ = {
			isa = PBXGroup;
			children = (
				667887CD1BEE2B8B00116254 /* _Kas_mSwiftCourseTests.swift */,
				667887CB1BEE2B8B00116254 /* Supporting Files */,
			);
			path = "7KasımSwiftCourseTests";
			sourceTree = "<group>";
		};
		667887CB1BEE2B8B00116254 /* Supporting Files */ = {
			isa = PBXGroup;
			children = (
				667887CC1BEE2B8B00116254 /* Info.plist */,
			);
			name = "Supporting Files";
			sourceTree = "<group>";
		};
/* End PBXGroup section */

/* Begin PBXNativeTarget section */
		667887B11BEE2B8B00116254 /* 7KasımSwiftCourse */ = {
			isa = PBXNativeTarget;
			buildConfigurationList = 667887D11BEE2B8B00116254 /* Build configuration list for PBXNativeTarget "7KasımSwiftCourse" */;
			buildPhases = (
				667887AE1BEE2B8B00116254 /* Sources */,
				667887AF1BEE2B8B00116254 /* Frameworks */,
				667887B01BEE2B8B00116254 /* Resources */,
			);
			buildRules = (
			);
			dependencies = (
			);
			name = "7KasımSwiftCourse";
			productName = "7KasımSwiftCourse";
			productReference = 667887B21BEE2B8B00116254 /* 7KasımSwiftCourse.app */;
			productType = "com.apple.product-type.application";
		};
		667887C61BEE2B8B00116254 /* 7KasımSwiftCourseTests */ = {
			isa = PBXNativeTarget;
			buildConfigurationList = 667887D41BEE2B8B00116254 /* Build configuration list for PBXNativeTarget "7KasımSwiftCourseTests" */;
			buildPhases = (
				667887C31BEE2B8B00116254 /* Sources */,
				667887C41BEE2B8B00116254 /* Frameworks */,
				667887C51BEE2B8B00116254 /* Resources */,
			);
			buildRules = (
			);
			dependencies = (
				667887C91BEE2B8B00116254 /* PBXTargetDependency */,
			);
			name = "7KasımSwiftCourseTests";
			productName = "7KasımSwiftCourseTests";
			productReference = 667887C71BEE2B8B00116254 /* 7KasımSwiftCourseTests.xctest */;
			productType = "com.apple.product-type.bundle.unit-test";
		};
/* End PBXNativeTarget section */

/* Begin PBXProject section */
		667887AA1BEE2B8B00116254 /* Project object */ = {
			isa = PBXProject;
			attributes = {
				LastUpgradeCheck = 0640;
				ORGANIZATIONNAME = "ÖZLEM ATABAY";
				TargetAttributes = {
					667887B11BEE2B8B00116254 = {
						CreatedOnToolsVersion = 6.4;
					};
					667887C61BEE2B8B00116254 = {
						CreatedOnToolsVersion = 6.4;
						TestTargetID = 667887B11BEE2B8B00116254;
					};
				};
			};
			buildConfigurationList = 667887AD1BEE2B8B00116254 /* Build configuration list for PBXProject "7KasımSwiftCourse" */;
			compatibilityVersion = "Xcode 3.2";
			developmentRegion = English;
			hasScannedForEncodings = 0;
			knownRegions = (
				en,
				Base,
			);
			mainGroup = 667887A91BEE2B8B00116254;
			productRefGroup = 667887B31BEE2B8B00116254 /* Products */;
			projectDirPath = "";
			projectRoot = "";
			targets = (
				667887B11BEE2B8B00116254 /* 7KasımSwiftCourse */,
				667887C61BEE2B8B00116254 /* 7KasımSwiftCourseTests */,
			);
		};
/* End PBXProject section */

/* Begin PBXResourcesBuildPhase section */
		667887B01BEE2B8B00116254 /* Resources */ = {
			isa = PBXResourcesBuildPhase;
			buildActionMask = 2147483647;
			files = (
				667887BD1BEE2B8B00116254 /* Main.storyboard in Resources */,
				667887C21BEE2B8B00116254 /* LaunchScreen.xib in Resources */,
				667887BF1BEE2B8B00116254 /* Images.xcassets in Resources */,
			);
			runOnlyForDeploymentPostprocessing = 0;
		};
		667887C51BEE2B8B00116254 /* Resources */ = {
			isa = PBXResourcesBuildPhase;
			buildActionMask = 2147483647;
			files = (
			);
			runOnlyForDeploymentPostprocessing = 0;
		};
/* End PBXResourcesBuildPhase section */

/* Begin PBXSourcesBuildPhase section */
		667887AE1BEE2B8B00116254 /* Sources */ = {
			isa = PBXSourcesBuildPhase;
			buildActionMask = 2147483647;
			files = (
				667887BA1BEE2B8B00116254 /* ViewController.swift in Sources */,
				667887B81BEE2B8B00116254 /* AppDelegate.swift in Sources */,
			);
			runOnlyForDeploymentPostprocessing = 0;
		};
		667887C31BEE2B8B00116254 /* Sources */ = {
			isa = PBXSourcesBuildPhase;
			buildActionMask = 2147483647;
			files = (
				667887CE1BEE2B8B00116254 /* _Kas_mSwiftCourseTests.swift in Sources */,
			);
			runOnlyForDeploymentPostprocessing = 0;
		};
/* End PBXSourcesBuildPhase section */

/* Begin PBXTargetDependency section */
		667887C91BEE2B8B00116254 /* PBXTargetDependency */ = {
			isa = PBXTargetDependency;
			target = 667887B11BEE2B8B00116254 /* 7KasımSwiftCourse */;
			targetProxy = 667887C81BEE2B8B00116254 /* PBXContainerItemProxy */;
		};
/* End PBXTargetDependency section */

/* Begin PBXVariantGroup section */
		667887BB1BEE2B8B00116254 /* Main.storyboard */ = {
			isa = PBXVariantGroup;
			children = (
				667887BC1BEE2B8B00116254 /* Base */,
			);
			name = Main.storyboard;
			sourceTree = "<group>";
		};
		667887C01BEE2B8B00116254 /* LaunchScreen.xib */ = {
			isa = PBXVariantGroup;
			children = (
				667887C11BEE2B8B00116254 /* Base */,
			);
			name = LaunchScreen.xib;
			sourceTree = "<group>";
		};
/* End PBXVariantGroup section */

/* Begin XCBuildConfiguration section */
		667887CF1BEE2B8B00116254 /* Debug */ = {
			isa = XCBuildConfiguration;
			buildSettings = {
				ALWAYS_SEARCH_USER_PATHS = NO;
				CLANG_CXX_LANGUAGE_STANDARD = "gnu++0x";
				CLANG_CXX_LIBRARY = "libc++";
				CLANG_ENABLE_MODULES = YES;
				CLANG_ENABLE_OBJC_ARC = YES;
				CLANG_WARN_BOOL_CONVERSION = YES;
				CLANG_WARN_CONSTANT_CONVERSION = YES;
				CLANG_WARN_DIRECT_OBJC_ISA_USAGE = YES_ERROR;
				CLANG_WARN_EMPTY_BODY = YES;
				CLANG_WARN_ENUM_CONVERSION = YES;
				CLANG_WARN_INT_CONVERSION = YES;
				CLANG_WARN_OBJC_ROOT_CLASS = YES_ERROR;
				CLANG_WARN_UNREACHABLE_CODE = YES;
				CLANG_WARN__DUPLICATE_METHOD_MATCH = YES;
				"CODE_SIGN_IDENTITY[sdk=iphoneos*]" = "iPhone Developer";
				COPY_PHASE_STRIP = NO;
				DEBUG_INFORMATION_FORMAT = "dwarf-with-dsym";
				ENABLE_STRICT_OBJC_MSGSEND = YES;
				GCC_C_LANGUAGE_STANDARD = gnu99;
				GCC_DYNAMIC_NO_PIC = NO;
				GCC_NO_COMMON_BLOCKS = YES;
				GCC_OPTIMIZATION_LEVEL = 0;
				GCC_PREPROCESSOR_DEFINITIONS = (
					"DEBUG=1",
					"$(inherited)",
				);
				GCC_SYMBOLS_PRIVATE_EXTERN = NO;
				GCC_WARN_64_TO_32_BIT_CONVERSION = YES;
				GCC_WARN_ABOUT_RETURN_TYPE = YES_ERROR;
				GCC_WARN_UNDECLARED_SELECTOR = YES;
				GCC_WARN_UNINITIALIZED_AUTOS = YES_AGGRESSIVE;
				GCC_WARN_UNUSED_FUNCTION = YES;
				GCC_WARN_UNUSED_VARIABLE = YES;
				IPHONEOS_DEPLOYMENT_TARGET = 8.4;
				MTL_ENABLE_DEBUG_INFO = YES;
				ONLY_ACTIVE_ARCH = YES;
				SDKROOT = iphoneos;
				SWIFT_OPTIMIZATION_LEVEL = "-Onone";
			};
			name = Debug;
		};
		667887D01BEE2B8B00116254 /* Release */ = {
			isa = XCBuildConfiguration;
			buildSettings = {
				ALWAYS_SEARCH_USER_PATHS = NO;
				CLANG_CXX_LANGUAGE_STANDARD = "gnu++0x";
				CLANG_CXX_LIBRARY = "libc++";
				CLANG_ENABLE_MODULES = YES;
				CLANG_ENABLE_OBJC_ARC = YES;
				CLANG_WARN_BOOL_CONVERSION = YES;
				CLANG_WARN_CONSTANT_CONVERSION = YES;
				CLANG_WARN_DIRECT_OBJC_ISA_USAGE = YES_ERROR;
				CLANG_WARN_EMPTY_BODY = YES;
				CLANG_WARN_ENUM_CONVERSION = YES;
				CLANG_WARN_INT_CONVERSION = YES;
				CLANG_WARN_OBJC_ROOT_CLASS = YES_ERROR;
				CLANG_WARN_UNREACHABLE_CODE = YES;
				CLANG_WARN__DUPLICATE_METHOD_MATCH = YES;
				"CODE_SIGN_IDENTITY[sdk=iphoneos*]" = "iPhone Developer";
				COPY_PHASE_STRIP = NO;
				DEBUG_INFORMATION_FORMAT = "dwarf-with-dsym";
				ENABLE_NS_ASSERTIONS = NO;
				ENABLE_STRICT_OBJC_MSGSEND = YES;
				GCC_C_LANGUAGE_STANDARD = gnu99;
				GCC_NO_COMMON_BLOCKS = YES;
				GCC_WARN_64_TO_32_BIT_CONVERSION = YES;
				GCC_WARN_ABOUT_RETURN_TYPE = YES_ERROR;
				GCC_WARN_UNDECLARED_SELECTOR = YES;
				GCC_WARN_UNINITIALIZED_AUTOS = YES_AGGRESSIVE;
				GCC_WARN_UNUSED_FUNCTION = YES;
				GCC_WARN_UNUSED_VARIABLE = YES;
				IPHONEOS_DEPLOYMENT_TARGET = 8.4;
				MTL_ENABLE_DEBUG_INFO = NO;
				SDKROOT = iphoneos;
				VALIDATE_PRODUCT = YES;
			};
			name = Release;
		};
		667887D21BEE2B8B00116254 /* Debug */ = {
			isa = XCBuildConfiguration;
			buildSettings = {
				ASSETCATALOG_COMPILER_APPICON_NAME = AppIcon;
				INFOPLIST_FILE = "7KasımSwiftCourse/Info.plist";
				LD_RUNPATH_SEARCH_PATHS = "$(inherited) @executable_path/Frameworks";
				PRODUCT_NAME = "$(TARGET_NAME)";
			};
			name = Debug;
		};
		667887D31BEE2B8B00116254 /* Release */ = {
			isa = XCBuildConfiguration;
			buildSettings = {
				ASSETCATALOG_COMPILER_APPICON_NAME = AppIcon;
				INFOPLIST_FILE = "7KasımSwiftCourse/Info.plist";
				LD_RUNPATH_SEARCH_PATHS = "$(inherited) @executable_path/Frameworks";
				PRODUCT_NAME = "$(TARGET_NAME)";
			};
			name = Release;
		};
		667887D51BEE2B8B00116254 /* Debug */ = {
			isa = XCBuildConfiguration;
			buildSettings = {
				BUNDLE_LOADER = "$(TEST_HOST)";
				FRAMEWORK_SEARCH_PATHS = (
					"$(SDKROOT)/Developer/Library/Frameworks",
					"$(inherited)",
				);
				GCC_PREPROCESSOR_DEFINITIONS = (
					"DEBUG=1",
					"$(inherited)",
				);
				INFOPLIST_FILE = "7KasımSwiftCourseTests/Info.plist";
				LD_RUNPATH_SEARCH_PATHS = "$(inherited) @executable_path/Frameworks @loader_path/Frameworks";
				PRODUCT_NAME = "$(TARGET_NAME)";
				TEST_HOST = "$(BUILT_PRODUCTS_DIR)/7KasımSwiftCourse.app/7KasımSwiftCourse";
			};
			name = Debug;
		};
		667887D61BEE2B8B00116254 /* Release */ = {
			isa = XCBuildConfiguration;
			buildSettings = {
				BUNDLE_LOADER = "$(TEST_HOST)";
				FRAMEWORK_SEARCH_PATHS = (
					"$(SDKROOT)/Developer/Library/Frameworks",
					"$(inherited)",
				);
				INFOPLIST_FILE = "7KasımSwiftCourseTests/Info.plist";
				LD_RUNPATH_SEARCH_PATHS = "$(inherited) @executable_path/Frameworks @loader_path/Frameworks";
				PRODUCT_NAME = "$(TARGET_NAME)";
				TEST_HOST = "$(BUILT_PRODUCTS_DIR)/7KasımSwiftCourse.app/7KasımSwiftCourse";
			};
			name = Release;
		};
/* End XCBuildConfiguration section */

/* Begin XCConfigurationList section */
		667887AD1BEE2B8B00116254 /* Build configuration list for PBXProject "7KasımSwiftCourse" */ = {
			isa = XCConfigurationList;
			buildConfigurations = (
				667887CF1BEE2B8B00116254 /* Debug */,
				667887D01BEE2B8B00116254 /* Release */,
			);
			defaultConfigurationIsVisible = 0;
			defaultConfigurationName = Release;
		};
		667887D11BEE2B8B00116254 /* Build configuration list for PBXNativeTarget "7KasımSwiftCourse" */ = {
			isa = XCConfigurationList;
			buildConfigurations = (
				667887D21BEE2B8B00116254 /* Debug */,
				667887D31BEE2B8B00116254 /* Release */,
			);
			defaultConfigurationIsVisible = 0;
		};
		667887D41BEE2B8B00116254 /* Build configuration list for PBXNativeTarget "7KasımSwiftCourseTests" */ = {
			isa = XCConfigurationList;
			buildConfigurations = (
				667887D51BEE2B8B00116254 /* Debug */,
				667887D61BEE2B8B00116254 /* Release */,
			);
			defaultConfigurationIsVisible = 0;
		};
/* End XCConfigurationList section */
	};
	rootObject = 667887AA1BEE2B8B00116254 /* Project object */;
}
